
Microsoft Visual Studio Solution File, Format Version 12.00
# Visual Studio Version 17
VisualStudioVersion = 17.8.34330.188
MinimumVisualStudioVersion = 10.0.40219.1
Project("{FAE04EC0-301F-11D3-BF4B-00C04F79EFBC}") = "OrderProcess.App", "OrderProcess.App\OrderProcess.App.csproj", "{4CD1568D-A0A5-4416-A55D-FEBB7812F57B}"
EndProject
Project("{FAE04EC0-301F-11D3-BF4B-00C04F79EFBC}") = "OrderProcess.Core", "OrderProcess.Core\OrderProcess.Core.csproj", "{9C779CF3-5114-4D21-BD78-8B5C68FE35CA}"
EndProject
Project("{FAE04EC0-301F-11D3-BF4B-00C04F79EFBC}") = "OrderProcess.Data", "OrderProcess.Data\OrderProcess.Data.csproj", "{9C8B2559-35A9-410E-8C2E-FC8EA4AA7196}"
EndProject
Project("{FAE04EC0-301F-11D3-BF4B-00C04F79EFBC}") = "OrderProcess.Service", "OrderProcess.Service\OrderProcess.Service.csproj", "{2DCDE333-AE14-4FBE-B574-9597B68CA9E0}"
EndProject
Global
	GlobalSection(SolutionConfigurationPlatforms) = preSolution
		Debug|Any CPU = Debug|Any CPU
		Release|Any CPU = Release|Any CPU
	EndGlobalSection
	GlobalSection(ProjectConfigurationPlatforms) = postSolution
		{4CD1568D-A0A5-4416-A55D-FEBB7812F57B}.Debug|Any CPU.ActiveCfg = Debug|Any CPU
		{4CD1568D-A0A5-4416-A55D-FEBB7812F57B}.Debug|Any CPU.Build.0 = Debug|Any CPU
		{4CD1568D-A0A5-4416-A55D-FEBB7812F57B}.Release|Any CPU.ActiveCfg = Release|Any CPU
		{4CD1568D-A0A5-4416-A55D-FEBB7812F57B}.Release|Any CPU.Build.0 = Release|Any CPU
		{9C779CF3-5114-4D21-BD78-8B5C68FE35CA}.Debug|Any CPU.ActiveCfg = Debug|Any CPU
		{9C779CF3-5114-4D21-BD78-8B5C68FE35CA}.Debug|Any CPU.Build.0 = Debug|Any CPU
		{9C779CF3-5114-4D21-BD78-8B5C68FE35CA}.Release|Any CPU.ActiveCfg = Release|Any CPU
		{9C779CF3-5114-4D21-BD78-8B5C68FE35CA}.Release|Any CPU.Build.0 = Release|Any CPU
		{9C8B2559-35A9-410E-8C2E-FC8EA4AA7196}.Debug|Any CPU.ActiveCfg = Debug|Any CPU
		{9C8B2559-35A9-410E-8C2E-FC8EA4AA7196}.Debug|Any CPU.Build.0 = Debug|Any CPU
		{9C8B2559-35A9-410E-8C2E-FC8EA4AA7196}.Release|Any CPU.ActiveCfg = Release|Any CPU
		{9C8B2559-35A9-410E-8C2E-FC8EA4AA7196}.Release|Any CPU.Build.0 = Release|Any CPU
		{2DCDE333-AE14-4FBE-B574-9597B68CA9E0}.Debug|Any CPU.ActiveCfg = Debug|Any CPU
		{2DCDE333-AE14-4FBE-B574-9597B68CA9E0}.Debug|Any CPU.Build.0 = Debug|Any CPU
		{2DCDE333-AE14-4FBE-B574-9597B68CA9E0}.Release|Any CPU.ActiveCfg = Release|Any CPU
		{2DCDE333-AE14-4FBE-B574-9597B68CA9E0}.Release|Any CPU.Build.0 = Release|Any CPU
	EndGlobalSection
	GlobalSection(SolutionProperties) = preSolution
		HideSolutionNode = FALSE
	EndGlobalSection
	GlobalSection(ExtensibilityGlobals) = postSolution
		SolutionGuid = {7C428903-57E9-4E01-B3FC-E3C552F588AF}
	EndGlobalSection
EndGlobal
